
Microsoft Visual Studio Solution File, Format Version 12.00
# Visual Studio Version 17
VisualStudioVersion = 17.14.36127.28 d17.14
MinimumVisualStudioVersion = 10.0.40219.1
Project("{8BC9CEB8-8B4A-11D0-8D11-00A0C91BC942}") = "IOCTL-KM", "IOCTL-KM\IOCTL-KM.vcxproj", "{42EE112D-D169-31BB-4C9E-D4ECCBF68240}"
EndProject
Project("{8BC9CEB8-8B4A-11D0-8D11-00A0C91BC942}") = "IOCTL-UM", "IOCTL-UM\IOCTL-UM.vcxproj", "{576F2953-C80A-4C8F-9E49-782C95F085D9}"
EndProject
Global
	GlobalSection(SolutionConfigurationPlatforms) = preSolution
		Debug|ARM64 = Debug|ARM64
		Debug|x64 = Debug|x64
		Release|ARM64 = Release|ARM64
		Release|x64 = Release|x64
	EndGlobalSection
	GlobalSection(ProjectConfigurationPlatforms) = postSolution
		{42EE112D-D169-31BB-4C9E-D4ECCBF68240}.Debug|ARM64.ActiveCfg = Debug|ARM64
		{42EE112D-D169-31BB-4C9E-D4ECCBF68240}.Debug|ARM64.Build.0 = Debug|ARM64
		{42EE112D-D169-31BB-4C9E-D4ECCBF68240}.Debug|ARM64.Deploy.0 = Debug|ARM64
		{42EE112D-D169-31BB-4C9E-D4ECCBF68240}.Debug|x64.ActiveCfg = Debug|x64
		{42EE112D-D169-31BB-4C9E-D4ECCBF68240}.Debug|x64.Build.0 = Debug|x64
		{42EE112D-D169-31BB-4C9E-D4ECCBF68240}.Debug|x64.Deploy.0 = Debug|x64
		{42EE112D-D169-31BB-4C9E-D4ECCBF68240}.Release|ARM64.ActiveCfg = Release|ARM64
		{42EE112D-D169-31BB-4C9E-D4ECCBF68240}.Release|ARM64.Build.0 = Release|ARM64
		{42EE112D-D169-31BB-4C9E-D4ECCBF68240}.Release|ARM64.Deploy.0 = Release|ARM64
		{42EE112D-D169-31BB-4C9E-D4ECCBF68240}.Release|x64.ActiveCfg = Release|x64
		{42EE112D-D169-31BB-4C9E-D4ECCBF68240}.Release|x64.Build.0 = Release|x64
		{42EE112D-D169-31BB-4C9E-D4ECCBF68240}.Release|x64.Deploy.0 = Release|x64
		{576F2953-C80A-4C8F-9E49-782C95F085D9}.Debug|ARM64.ActiveCfg = Debug|x64
		{576F2953-C80A-4C8F-9E49-782C95F085D9}.Debug|ARM64.Build.0 = Debug|x64
		{576F2953-C80A-4C8F-9E49-782C95F085D9}.Debug|x64.ActiveCfg = Debug|x64
		{576F2953-C80A-4C8F-9E49-782C95F085D9}.Debug|x64.Build.0 = Debug|x64
		{576F2953-C80A-4C8F-9E49-782C95F085D9}.Release|ARM64.ActiveCfg = Release|x64
		{576F2953-C80A-4C8F-9E49-782C95F085D9}.Release|ARM64.Build.0 = Release|x64
		{576F2953-C80A-4C8F-9E49-782C95F085D9}.Release|x64.ActiveCfg = Release|x64
		{576F2953-C80A-4C8F-9E49-782C95F085D9}.Release|x64.Build.0 = Release|x64
	EndGlobalSection
	GlobalSection(SolutionProperties) = preSolution
		HideSolutionNode = FALSE
	EndGlobalSection
	GlobalSection(ExtensibilityGlobals) = postSolution
		SolutionGuid = {78979155-E6EF-41A6-825E-6C9B5CB1F9BA}
	EndGlobalSection
EndGlobal
